{
  "name": "pdf-forms-viewer",
  "version": "6.4.1",
  "lockfileVersion": 1,
  "requires": true,
  "dependencies": {
    "@types/pdfjs-dist": {
      "version": "2.1.7",
      "resolved": "https://registry.npmjs.org/@types/pdfjs-dist/-/pdfjs-dist-2.1.7.tgz",
      "integrity": "sha512-nQIwcPUhkAIyn7x9NS0lR/qxYfd5unRtfGkMjvpgF4Sh28IXftRymaNmFKTTdejDNY25NDGSIyjwj/BRwAPexg=="
    },
    "pdfjs-dist": {
      "version": "2.6.347",
      "resolved": "https://registry.npmjs.org/pdfjs-dist/-/pdfjs-dist-2.6.347.tgz",
      "integrity": "sha512-QC+h7hG2su9v/nU1wEI3SnpPIrqJODL7GTDFvR74ANKGq1AFJW16PH8VWnhpiTi9YcLSFV9xLeWSgq+ckHLdVQ=="
    },
    "tslib": {
      "version": "1.14.1",
      "resolved": "https://registry.npmjs.org/tslib/-/tslib-1.14.1.tgz",
      "integrity": "sha512-Xni35NKzjgMrwevysHTCArtLDpPvye8zV/0E4EyYn43P7/7qvQwPh9BGkHewbMulVntbigmcT7rdX3BNo9wRJg=="
    }
  }
}
